
Microsoft Visual Studio Solution File, Format Version 12.00
# Visual Studio Version 17
VisualStudioVersion = 17.9.34616.47
MinimumVisualStudioVersion = 10.0.40219.1
Project("{FAE04EC0-301F-11D3-BF4B-00C04F79EFBC}") = "ST10045251-PROG-PART 1", "ST10045251-PROG-PART 1.csproj", "{758721D4-8B94-4F61-BE98-F4079AFD3F25}"
EndProject
Global
	GlobalSection(SolutionConfigurationPlatforms) = preSolution
		Debug|Any CPU = Debug|Any CPU
		Release|Any CPU = Release|Any CPU
	EndGlobalSection
	GlobalSection(ProjectConfigurationPlatforms) = postSolution
		{758721D4-8B94-4F61-BE98-F4079AFD3F25}.Debug|Any CPU.ActiveCfg = Debug|Any CPU
		{758721D4-8B94-4F61-BE98-F4079AFD3F25}.Debug|Any CPU.Build.0 = Debug|Any CPU
		{758721D4-8B94-4F61-BE98-F4079AFD3F25}.Release|Any CPU.ActiveCfg = Release|Any CPU
		{758721D4-8B94-4F61-BE98-F4079AFD3F25}.Release|Any CPU.Build.0 = Release|Any CPU
	EndGlobalSection
	GlobalSection(SolutionProperties) = preSolution
		HideSolutionNode = FALSE
	EndGlobalSection
	GlobalSection(ExtensibilityGlobals) = postSolution
		SolutionGuid = {7E2A7D8B-AC08-4D4C-BF97-D89BB29F1E62}
	EndGlobalSection
EndGlobal
